
Microsoft Visual Studio Solution File, Format Version 12.00
# Visual Studio Version 17
VisualStudioVersion = 17.11.35312.102
MinimumVisualStudioVersion = 10.0.40219.1
Project("{9A19103F-16F7-4668-BE54-9A1E7A4F7556}") = "UserAuthentication", "UserAuthentication\UserAuthentication.csproj", "{17128CC5-FADB-4688-8D93-18C853B2C4AB}"
EndProject
Project("{9A19103F-16F7-4668-BE54-9A1E7A4F7556}") = "ProductCatalog", "ProductCatalog\ProductCatalog.csproj", "{F891D21B-6A07-475C-BE9B-C1CD728BED82}"
EndProject
Project("{9A19103F-16F7-4668-BE54-9A1E7A4F7556}") = "ECommerceWebMicroservices.Models", "ECommerceWebMicroservices.Models\ECommerceWebMicroservices.Models.csproj", "{371F49E3-5891-4C86-8626-37AA9375C306}"
EndProject
Project("{9A19103F-16F7-4668-BE54-9A1E7A4F7556}") = "ECommerceWebMicroservices.Services", "ECommerceWebMicroservices.Services\ECommerceWebMicroservices.Services.csproj", "{658936FB-E6AC-492E-B33D-CEA1CCEFC77E}"
EndProject
Project("{9A19103F-16F7-4668-BE54-9A1E7A4F7556}") = "ECommerceWebMicroservices.DataAccess", "ECommerceWebMicroservices.DataAccess\ECommerceWebMicroservices.DataAccess.csproj", "{FD23703C-2F37-4525-87E9-DC499E187892}"
EndProject
Project("{2150E333-8FDC-42A3-9474-1A3956D46DE8}") = "Solution Items", "Solution Items", "{CC497582-112B-4F63-8648-F51892C3CCD3}"
	ProjectSection(SolutionItems) = preProject
		K8S\authentication-depl.yaml = K8S\authentication-depl.yaml
		K8S\local-product-catalog-pvc.yaml = K8S\local-product-catalog-pvc.yaml
		K8S\local-user-auth-pvc.yaml = K8S\local-user-auth-pvc.yaml
		K8S\mssql-pc-depl.yaml = K8S\mssql-pc-depl.yaml
		K8S\mssql-ua-depl.yaml = K8S\mssql-ua-depl.yaml
		K8S\ocelot-deployment.yaml = K8S\ocelot-deployment.yaml
		K8S\product-catalog-depl.yaml = K8S\product-catalog-depl.yaml
		K8S\product-catalog-np-srv.yaml = K8S\product-catalog-np-srv.yaml
		K8S\rabbitmq-depl.yaml = K8S\rabbitmq-depl.yaml
		K8S\test-pod.yaml = K8S\test-pod.yaml
	EndProjectSection
EndProject
Project("{9A19103F-16F7-4668-BE54-9A1E7A4F7556}") = "OcelotGateway", "OcelotGateway\OcelotGateway.csproj", "{230DB448-6826-4B03-AB04-FB607A814ECB}"
EndProject
Global
	GlobalSection(SolutionConfigurationPlatforms) = preSolution
		Debug|Any CPU = Debug|Any CPU
		Release|Any CPU = Release|Any CPU
	EndGlobalSection
	GlobalSection(ProjectConfigurationPlatforms) = postSolution
		{17128CC5-FADB-4688-8D93-18C853B2C4AB}.Debug|Any CPU.ActiveCfg = Debug|Any CPU
		{17128CC5-FADB-4688-8D93-18C853B2C4AB}.Debug|Any CPU.Build.0 = Debug|Any CPU
		{17128CC5-FADB-4688-8D93-18C853B2C4AB}.Release|Any CPU.ActiveCfg = Release|Any CPU
		{17128CC5-FADB-4688-8D93-18C853B2C4AB}.Release|Any CPU.Build.0 = Release|Any CPU
		{F891D21B-6A07-475C-BE9B-C1CD728BED82}.Debug|Any CPU.ActiveCfg = Debug|Any CPU
		{F891D21B-6A07-475C-BE9B-C1CD728BED82}.Debug|Any CPU.Build.0 = Debug|Any CPU
		{F891D21B-6A07-475C-BE9B-C1CD728BED82}.Release|Any CPU.ActiveCfg = Release|Any CPU
		{F891D21B-6A07-475C-BE9B-C1CD728BED82}.Release|Any CPU.Build.0 = Release|Any CPU
		{371F49E3-5891-4C86-8626-37AA9375C306}.Debug|Any CPU.ActiveCfg = Debug|Any CPU
		{371F49E3-5891-4C86-8626-37AA9375C306}.Debug|Any CPU.Build.0 = Debug|Any CPU
		{371F49E3-5891-4C86-8626-37AA9375C306}.Release|Any CPU.ActiveCfg = Release|Any CPU
		{371F49E3-5891-4C86-8626-37AA9375C306}.Release|Any CPU.Build.0 = Release|Any CPU
		{658936FB-E6AC-492E-B33D-CEA1CCEFC77E}.Debug|Any CPU.ActiveCfg = Debug|Any CPU
		{658936FB-E6AC-492E-B33D-CEA1CCEFC77E}.Debug|Any CPU.Build.0 = Debug|Any CPU
		{658936FB-E6AC-492E-B33D-CEA1CCEFC77E}.Release|Any CPU.ActiveCfg = Release|Any CPU
		{658936FB-E6AC-492E-B33D-CEA1CCEFC77E}.Release|Any CPU.Build.0 = Release|Any CPU
		{FD23703C-2F37-4525-87E9-DC499E187892}.Debug|Any CPU.ActiveCfg = Debug|Any CPU
		{FD23703C-2F37-4525-87E9-DC499E187892}.Debug|Any CPU.Build.0 = Debug|Any CPU
		{FD23703C-2F37-4525-87E9-DC499E187892}.Release|Any CPU.ActiveCfg = Release|Any CPU
		{FD23703C-2F37-4525-87E9-DC499E187892}.Release|Any CPU.Build.0 = Release|Any CPU
		{230DB448-6826-4B03-AB04-FB607A814ECB}.Debug|Any CPU.ActiveCfg = Debug|Any CPU
		{230DB448-6826-4B03-AB04-FB607A814ECB}.Debug|Any CPU.Build.0 = Debug|Any CPU
		{230DB448-6826-4B03-AB04-FB607A814ECB}.Release|Any CPU.ActiveCfg = Release|Any CPU
		{230DB448-6826-4B03-AB04-FB607A814ECB}.Release|Any CPU.Build.0 = Release|Any CPU
	EndGlobalSection
	GlobalSection(SolutionProperties) = preSolution
		HideSolutionNode = FALSE
	EndGlobalSection
	GlobalSection(ExtensibilityGlobals) = postSolution
		SolutionGuid = {84A17038-171F-46DF-A37C-F83CA0473A2D}
	EndGlobalSection
EndGlobal
