
Microsoft Visual Studio Solution File, Format Version 12.00
# Visual Studio Version 17
VisualStudioVersion = 17.11.35312.102
MinimumVisualStudioVersion = 10.0.40219.1
Project("{9A19103F-16F7-4668-BE54-9A1E7A4F7556}") = "UserAuthentication", "UserAuthentication\UserAuthentication.csproj", "{17128CC5-FADB-4688-8D93-18C853B2C4AB}"
EndProject
Project("{9A19103F-16F7-4668-BE54-9A1E7A4F7556}") = "ProductCatalog", "ProductCatalog\ProductCatalog.csproj", "{F891D21B-6A07-475C-BE9B-C1CD728BED82}"
EndProject
Project("{2150E333-8FDC-42A3-9474-1A3956D46DE8}") = "K8S", "K8S", "{9BBE8F98-D12A-408B-80CB-A4ABD8DAE63A}"
	ProjectSection(SolutionItems) = preProject
		authentication-depl.yaml = authentication-depl.yaml
	EndProjectSection
EndProject
Project("{9A19103F-16F7-4668-BE54-9A1E7A4F7556}") = "ECommerceWebMicroservices.Models", "ECommerceWebMicroservices.Models\ECommerceWebMicroservices.Models.csproj", "{371F49E3-5891-4C86-8626-37AA9375C306}"
EndProject
Project("{FAE04EC0-301F-11D3-BF4B-00C04F79EFBC}") = "ECommerceWebMicroservices.Services", "ECommerceWebMicroservices.Services\ECommerceWebMicroservices.Services.csproj", "{658936FB-E6AC-492E-B33D-CEA1CCEFC77E}"
EndProject
Project("{FAE04EC0-301F-11D3-BF4B-00C04F79EFBC}") = "ECommerceWebMicroservices.DataAccess", "ECommerceWebMicroservices.DataAccess\ECommerceWebMicroservices.DataAccess.csproj", "{FD23703C-2F37-4525-87E9-DC499E187892}"
EndProject
Global
	GlobalSection(SolutionConfigurationPlatforms) = preSolution
		Debug|Any CPU = Debug|Any CPU
		Release|Any CPU = Release|Any CPU
	EndGlobalSection
	GlobalSection(ProjectConfigurationPlatforms) = postSolution
		{17128CC5-FADB-4688-8D93-18C853B2C4AB}.Debug|Any CPU.ActiveCfg = Debug|Any CPU
		{17128CC5-FADB-4688-8D93-18C853B2C4AB}.Debug|Any CPU.Build.0 = Debug|Any CPU
		{17128CC5-FADB-4688-8D93-18C853B2C4AB}.Release|Any CPU.ActiveCfg = Release|Any CPU
		{17128CC5-FADB-4688-8D93-18C853B2C4AB}.Release|Any CPU.Build.0 = Release|Any CPU
		{F891D21B-6A07-475C-BE9B-C1CD728BED82}.Debug|Any CPU.ActiveCfg = Debug|Any CPU
		{F891D21B-6A07-475C-BE9B-C1CD728BED82}.Debug|Any CPU.Build.0 = Debug|Any CPU
		{F891D21B-6A07-475C-BE9B-C1CD728BED82}.Release|Any CPU.ActiveCfg = Release|Any CPU
		{F891D21B-6A07-475C-BE9B-C1CD728BED82}.Release|Any CPU.Build.0 = Release|Any CPU
		{371F49E3-5891-4C86-8626-37AA9375C306}.Debug|Any CPU.ActiveCfg = Debug|Any CPU
		{371F49E3-5891-4C86-8626-37AA9375C306}.Debug|Any CPU.Build.0 = Debug|Any CPU
		{371F49E3-5891-4C86-8626-37AA9375C306}.Release|Any CPU.ActiveCfg = Release|Any CPU
		{371F49E3-5891-4C86-8626-37AA9375C306}.Release|Any CPU.Build.0 = Release|Any CPU
		{658936FB-E6AC-492E-B33D-CEA1CCEFC77E}.Debug|Any CPU.ActiveCfg = Debug|Any CPU
		{658936FB-E6AC-492E-B33D-CEA1CCEFC77E}.Debug|Any CPU.Build.0 = Debug|Any CPU
		{658936FB-E6AC-492E-B33D-CEA1CCEFC77E}.Release|Any CPU.ActiveCfg = Release|Any CPU
		{658936FB-E6AC-492E-B33D-CEA1CCEFC77E}.Release|Any CPU.Build.0 = Release|Any CPU
		{FD23703C-2F37-4525-87E9-DC499E187892}.Debug|Any CPU.ActiveCfg = Debug|Any CPU
		{FD23703C-2F37-4525-87E9-DC499E187892}.Debug|Any CPU.Build.0 = Debug|Any CPU
		{FD23703C-2F37-4525-87E9-DC499E187892}.Release|Any CPU.ActiveCfg = Release|Any CPU
		{FD23703C-2F37-4525-87E9-DC499E187892}.Release|Any CPU.Build.0 = Release|Any CPU
	EndGlobalSection
	GlobalSection(SolutionProperties) = preSolution
		HideSolutionNode = FALSE
	EndGlobalSection
	GlobalSection(ExtensibilityGlobals) = postSolution
		SolutionGuid = {84A17038-171F-46DF-A37C-F83CA0473A2D}
	EndGlobalSection
EndGlobal
